
Microsoft Visual Studio Solution File, Format Version 12.00
# Visual Studio Version 17
VisualStudioVersion = 17.2.32630.192
MinimumVisualStudioVersion = 10.0.40219.1
Project("{F184B08F-C81C-45F6-A57F-5ABD9991F28F}") = "SAC2022", "SAC2022\SAC2022.vbproj", "{B310375D-9FFB-408A-A710-79662E99EEDF}"
EndProject
Global
	GlobalSection(SolutionConfigurationPlatforms) = preSolution
		Debug|Any CPU = Debug|Any CPU
		Release|Any CPU = Release|Any CPU
	EndGlobalSection
	GlobalSection(ProjectConfigurationPlatforms) = postSolution
		{B310375D-9FFB-408A-A710-79662E99EEDF}.Debug|Any CPU.ActiveCfg = Debug|Any CPU
		{B310375D-9FFB-408A-A710-79662E99EEDF}.Debug|Any CPU.Build.0 = Debug|Any CPU
		{B310375D-9FFB-408A-A710-79662E99EEDF}.Release|Any CPU.ActiveCfg = Release|Any CPU
		{B310375D-9FFB-408A-A710-79662E99EEDF}.Release|Any CPU.Build.0 = Release|Any CPU
	EndGlobalSection
	GlobalSection(SolutionProperties) = preSolution
		HideSolutionNode = FALSE
	EndGlobalSection
	GlobalSection(ExtensibilityGlobals) = postSolution
		SolutionGuid = {028D3D94-4242-469B-A7AF-D3A29EFD9397}
	EndGlobalSection
EndGlobal
